// !$*UTF8*$!
{
	archiveVersion = 1;
	classes = {
	};
	objectVersion = 48;
	objects = {

/* Begin PBXBuildFile section */
		CE427F122004434000752103 /* AppDelegate.swift in Sources */ = {isa = PBXBuildFile; fileRef = CE427F112004434000752103 /* AppDelegate.swift */; };
		CE427F142004434000752103 /* ViewController.swift in Sources */ = {isa = PBXBuildFile; fileRef = CE427F132004434000752103 /* ViewController.swift */; };
		CE427F172004434000752103 /* Main.storyboard in Resources */ = {isa = PBXBuildFile; fileRef = CE427F152004434000752103 /* Main.storyboard */; };
		CE427F192004434000752103 /* Assets.xcassets in Resources */ = {isa = PBXBuildFile; fileRef = CE427F182004434000752103 /* Assets.xcassets */; };
		CE427F1C2004434000752103 /* LaunchScreen.storyboard in Resources */ = {isa = PBXBuildFile; fileRef = CE427F1A2004434000752103 /* LaunchScreen.storyboard */; };
		CE427F272004434000752103 /* ColdCallTests.swift in Sources */ = {isa = PBXBuildFile; fileRef = CE427F262004434000752103 /* ColdCallTests.swift */; };
		CE427F322004434000752103 /* ColdCallUITests.swift in Sources */ = {isa = PBXBuildFile; fileRef = CE427F312004434000752103 /* ColdCallUITests.swift */; };
/* End PBXBuildFile section */

/* Begin PBXContainerItemProxy section */
		CE427F232004434000752103 /* PBXContainerItemProxy */ = {
			isa = PBXContainerItemProxy;
			containerPortal = CE427F062004433F00752103 /* Project object */;
			proxyType = 1;
			remoteGlobalIDString = CE427F0D2004433F00752103;
			remoteInfo = ColdCall;
		};
		CE427F2E2004434000752103 /* PBXContainerItemProxy */ = {
			isa = PBXContainerItemProxy;
			containerPortal = CE427F062004433F00752103 /* Project object */;
			proxyType = 1;
			remoteGlobalIDString = CE427F0D2004433F00752103;
			remoteInfo = ColdCall;
		};
/* End PBXContainerItemProxy section */

/* Begin PBXFileReference section */
		CE427F0E2004433F00752103 /* ColdCall.app */ = {isa = PBXFileReference; explicitFileType = wrapper.application; includeInIndex = 0; path = ColdCall.app; sourceTree = BUILT_PRODUCTS_DIR; };
		CE427F112004434000752103 /* AppDelegate.swift */ = {isa = PBXFileReference; lastKnownFileType = sourcecode.swift; path = AppDelegate.swift; sourceTree = "<group>"; };
		CE427F132004434000752103 /* ViewController.swift */ = {isa = PBXFileReference; lastKnownFileType = sourcecode.swift; path = ViewController.swift; sourceTree = "<group>"; };
		CE427F162004434000752103 /* Base */ = {isa = PBXFileReference; lastKnownFileType = file.storyboard; name = Base; path = Base.lproj/Main.storyboard; sourceTree = "<group>"; };
		CE427F182004434000752103 /* Assets.xcassets */ = {isa = PBXFileReference; lastKnownFileType = folder.assetcatalog; path = Assets.xcassets; sourceTree = "<group>"; };
		CE427F1B2004434000752103 /* Base */ = {isa = PBXFileReference; lastKnownFileType = file.storyboard; name = Base; path = Base.lproj/LaunchScreen.storyboard; sourceTree = "<group>"; };
		CE427F1D2004434000752103 /* Info.plist */ = {isa = PBXFileReference; lastKnownFileType = text.plist.xml; path = Info.plist; sourceTree = "<group>"; };
		CE427F222004434000752103 /* ColdCallTests.xctest */ = {isa = PBXFileReference; explicitFileType = wrapper.cfbundle; includeInIndex = 0; path = ColdCallTests.xctest; sourceTree = BUILT_PRODUCTS_DIR; };
		CE427F262004434000752103 /* ColdCallTests.swift */ = {isa = PBXFileReference; lastKnownFileType = sourcecode.swift; path = ColdCallTests.swift; sourceTree = "<group>"; };
		CE427F282004434000752103 /* Info.plist */ = {isa = PBXFileReference; lastKnownFileType = text.plist.xml; path = Info.plist; sourceTree = "<group>"; };
		CE427F2D2004434000752103 /* ColdCallUITests.xctest */ = {isa = PBXFileReference; explicitFileType = wrapper.cfbundle; includeInIndex = 0; path = ColdCallUITests.xctest; sourceTree = BUILT_PRODUCTS_DIR; };
		CE427F312004434000752103 /* ColdCallUITests.swift */ = {isa = PBXFileReference; lastKnownFileType = sourcecode.swift; path = ColdCallUITests.swift; sourceTree = "<group>"; };
		CE427F332004434000752103 /* Info.plist */ = {isa = PBXFileReference; lastKnownFileType = text.plist.xml; path = Info.plist; sourceTree = "<group>"; };
/* End PBXFileReference section */

/* Begin PBXFrameworksBuildPhase section */
		CE427F0B2004433F00752103 /* Frameworks */ = {
			isa = PBXFrameworksBuildPhase;
			buildActionMask = 2147483647;
			files = (
			);
			runOnlyForDeploymentPostprocessing = 0;
		};
		CE427F1F2004434000752103 /* Frameworks */ = {
			isa = PBXFrameworksBuildPhase;
			buildActionMask = 2147483647;
			files = (
			);
			runOnlyForDeploymentPostprocessing = 0;
		};
		CE427F2A2004434000752103 /* Frameworks */ = {
			isa = PBXFrameworksBuildPhase;
			buildActionMask = 2147483647;
			files = (
			);
			runOnlyForDeploymentPostprocessing = 0;
		};
/* End PBXFrameworksBuildPhase section */

/* Begin PBXGroup section */
		CE427F052004433F00752103 = {
			isa = PBXGroup;
			children = (
				CE427F102004433F00752103 /* ColdCall */,
				CE427F252004434000752103 /* ColdCallTests */,
				CE427F302004434000752103 /* ColdCallUITests */,
				CE427F0F2004433F00752103 /* Products */,
			);
			sourceTree = "<group>";
		};
		CE427F0F2004433F00752103 /* Products */ = {
			isa = PBXGroup;
			children = (
				CE427F0E2004433F00752103 /* ColdCall.app */,
				CE427F222004434000752103 /* ColdCallTests.xctest */,
				CE427F2D2004434000752103 /* ColdCallUITests.xctest */,
			);
			name = Products;
			sourceTree = "<group>";
		};
		CE427F102004433F00752103 /* ColdCall */ = {
			isa = PBXGroup;
			children = (
				CE427F112004434000752103 /* AppDelegate.swift */,
				CE427F132004434000752103 /* ViewController.swift */,
				CE427F152004434000752103 /* Main.storyboard */,
				CE427F182004434000752103 /* Assets.xcassets */,
				CE427F1A2004434000752103 /* LaunchScreen.storyboard */,
				CE427F1D2004434000752103 /* Info.plist */,
			);
			path = ColdCall;
			sourceTree = "<group>";
		};
		CE427F252004434000752103 /* ColdCallTests */ = {
			isa = PBXGroup;
			children = (
				CE427F262004434000752103 /* ColdCallTests.swift */,
				CE427F282004434000752103 /* Info.plist */,
			);
			path = ColdCallTests;
			sourceTree = "<group>";
		};
		CE427F302004434000752103 /* ColdCallUITests */ = {
			isa = PBXGroup;
			children = (
				CE427F312004434000752103 /* ColdCallUITests.swift */,
				CE427F332004434000752103 /* Info.plist */,
			);
			path = ColdCallUITests;
			sourceTree = "<group>";
		};
/* End PBXGroup section */

/* Begin PBXNativeTarget section */
		CE427F0D2004433F00752103 /* ColdCall */ = {
			isa = PBXNativeTarget;
			buildConfigurationList = CE427F362004434000752103 /* Build configuration list for PBXNativeTarget "ColdCall" */;
			buildPhases = (
				CE427F0A2004433F00752103 /* Sources */,
				CE427F0B2004433F00752103 /* Frameworks */,
				CE427F0C2004433F00752103 /* Resources */,
			);
			buildRules = (
			);
			dependencies = (
			);
			name = ColdCall;
			productName = ColdCall;
			productReference = CE427F0E2004433F00752103 /* ColdCall.app */;
			productType = "com.apple.product-type.application";
		};
		CE427F212004434000752103 /* ColdCallTests */ = {
			isa = PBXNativeTarget;
			buildConfigurationList = CE427F392004434000752103 /* Build configuration list for PBXNativeTarget "ColdCallTests" */;
			buildPhases = (
				CE427F1E2004434000752103 /* Sources */,
				CE427F1F2004434000752103 /* Frameworks */,
				CE427F202004434000752103 /* Resources */,
			);
			buildRules = (
			);
			dependencies = (
				CE427F242004434000752103 /* PBXTargetDependency */,
			);
			name = ColdCallTests;
			productName = ColdCallTests;
			productReference = CE427F222004434000752103 /* ColdCallTests.xctest */;
			productType = "com.apple.product-type.bundle.unit-test";
		};
		CE427F2C2004434000752103 /* ColdCallUITests */ = {
			isa = PBXNativeTarget;
			buildConfigurationList = CE427F3C2004434000752103 /* Build configuration list for PBXNativeTarget "ColdCallUITests" */;
			buildPhases = (
				CE427F292004434000752103 /* Sources */,
				CE427F2A2004434000752103 /* Frameworks */,
				CE427F2B2004434000752103 /* Resources */,
			);
			buildRules = (
			);
			dependencies = (
				CE427F2F2004434000752103 /* PBXTargetDependency */,
			);
			name = ColdCallUITests;
			productName = ColdCallUITests;
			productReference = CE427F2D2004434000752103 /* ColdCallUITests.xctest */;
			productType = "com.apple.product-type.bundle.ui-testing";
		};
/* End PBXNativeTarget section */

/* Begin PBXProject section */
		CE427F062004433F00752103 /* Project object */ = {
			isa = PBXProject;
			attributes = {
				LastSwiftUpdateCheck = 0920;
				LastUpgradeCheck = 0920;
				ORGANIZATIONNAME = user;
				TargetAttributes = {
					CE427F0D2004433F00752103 = {
						CreatedOnToolsVersion = 9.2;
						ProvisioningStyle = Automatic;
					};
					CE427F212004434000752103 = {
						CreatedOnToolsVersion = 9.2;
						ProvisioningStyle = Automatic;
						TestTargetID = CE427F0D2004433F00752103;
					};
					CE427F2C2004434000752103 = {
						CreatedOnToolsVersion = 9.2;
						ProvisioningStyle = Automatic;
						TestTargetID = CE427F0D2004433F00752103;
					};
				};
			};
			buildConfigurationList = CE427F092004433F00752103 /* Build configuration list for PBXProject "ColdCall" */;
			compatibilityVersion = "Xcode 8.0";
			developmentRegion = en;
			hasScannedForEncodings = 0;
			knownRegions = (
				en,
				Base,
			);
			mainGroup = CE427F052004433F00752103;
			productRefGroup = CE427F0F2004433F00752103 /* Products */;
			projectDirPath = "";
			projectRoot = "";
			targets = (
				CE427F0D2004433F00752103 /* ColdCall */,
				CE427F212004434000752103 /* ColdCallTests */,
				CE427F2C2004434000752103 /* ColdCallUITests */,
			);
		};
/* End PBXProject section */

/* Begin PBXResourcesBuildPhase section */
		CE427F0C2004433F00752103 /* Resources */ = {
			isa = PBXResourcesBuildPhase;
			buildActionMask = 2147483647;
			files = (
				CE427F1C2004434000752103 /* LaunchScreen.storyboard in Resources */,
				CE427F192004434000752103 /* Assets.xcassets in Resources */,
				CE427F172004434000752103 /* Main.storyboard in Resources */,
			);
			runOnlyForDeploymentPostprocessing = 0;
		};
		CE427F202004434000752103 /* Resources */ = {
			isa = PBXResourcesBuildPhase;
			buildActionMask = 2147483647;
			files = (
			);
			runOnlyForDeploymentPostprocessing = 0;
		};
		CE427F2B2004434000752103 /* Resources */ = {
			isa = PBXResourcesBuildPhase;
			buildActionMask = 2147483647;
			files = (
			);
			runOnlyForDeploymentPostprocessing = 0;
		};
/* End PBXResourcesBuildPhase section */

/* Begin PBXSourcesBuildPhase section */
		CE427F0A2004433F00752103 /* Sources */ = {
			isa = PBXSourcesBuildPhase;
			buildActionMask = 2147483647;
			files = (
				CE427F142004434000752103 /* ViewController.swift in Sources */,
				CE427F122004434000752103 /* AppDelegate.swift in Sources */,
			);
			runOnlyForDeploymentPostprocessing = 0;
		};
		CE427F1E2004434000752103 /* Sources */ = {
			isa = PBXSourcesBuildPhase;
			buildActionMask = 2147483647;
			files = (
				CE427F272004434000752103 /* ColdCallTests.swift in Sources */,
			);
			runOnlyForDeploymentPostprocessing = 0;
		};
		CE427F292004434000752103 /* Sources */ = {
			isa = PBXSourcesBuildPhase;
			buildActionMask = 2147483647;
			files = (
				CE427F322004434000752103 /* ColdCallUITests.swift in Sources */,
			);
			runOnlyForDeploymentPostprocessing = 0;
		};
/* End PBXSourcesBuildPhase section */

/* Begin PBXTargetDependency section */
		CE427F242004434000752103 /* PBXTargetDependency */ = {
			isa = PBXTargetDependency;
			target = CE427F0D2004433F00752103 /* ColdCall */;
			targetProxy = CE427F232004434000752103 /* PBXContainerItemProxy */;
		};
		CE427F2F2004434000752103 /* PBXTargetDependency */ = {
			isa = PBXTargetDependency;
			target = CE427F0D2004433F00752103 /* ColdCall */;
			targetProxy = CE427F2E2004434000752103 /* PBXContainerItemProxy */;
		};
/* End PBXTargetDependency section */

/* Begin PBXVariantGroup section */
		CE427F152004434000752103 /* Main.storyboard */ = {
			isa = PBXVariantGroup;
			children = (
				CE427F162004434000752103 /* Base */,
			);
			name = Main.storyboard;
			sourceTree = "<group>";
		};
		CE427F1A2004434000752103 /* LaunchScreen.storyboard */ = {
			isa = PBXVariantGroup;
			children = (
				CE427F1B2004434000752103 /* Base */,
			);
			name = LaunchScreen.storyboard;
			sourceTree = "<group>";
		};
/* End PBXVariantGroup section */

/* Begin XCBuildConfiguration section */
		CE427F342004434000752103 /* Debug */ = {
			isa = XCBuildConfiguration;
			buildSettings = {
				ALWAYS_SEARCH_USER_PATHS = NO;
				CLANG_ANALYZER_NONNULL = YES;
				CLANG_ANALYZER_NUMBER_OBJECT_CONVERSION = YES_AGGRESSIVE;
				CLANG_CXX_LANGUAGE_STANDARD = "gnu++14";
				CLANG_CXX_LIBRARY = "libc++";
				CLANG_ENABLE_MODULES = YES;
				CLANG_ENABLE_OBJC_ARC = YES;
				CLANG_WARN_BLOCK_CAPTURE_AUTORELEASING = YES;
				CLANG_WARN_BOOL_CONVERSION = YES;
				CLANG_WARN_COMMA = YES;
				CLANG_WARN_CONSTANT_CONVERSION = YES;
				CLANG_WARN_DIRECT_OBJC_ISA_USAGE = YES_ERROR;
				CLANG_WARN_DOCUMENTATION_COMMENTS = YES;
				CLANG_WARN_EMPTY_BODY = YES;
				CLANG_WARN_ENUM_CONVERSION = YES;
				CLANG_WARN_INFINITE_RECURSION = YES;
				CLANG_WARN_INT_CONVERSION = YES;
				CLANG_WARN_NON_LITERAL_NULL_CONVERSION = YES;
				CLANG_WARN_OBJC_LITERAL_CONVERSION = YES;
				CLANG_WARN_OBJC_ROOT_CLASS = YES_ERROR;
				CLANG_WARN_RANGE_LOOP_ANALYSIS = YES;
				CLANG_WARN_STRICT_PROTOTYPES = YES;
				CLANG_WARN_SUSPICIOUS_MOVE = YES;
				CLANG_WARN_UNGUARDED_AVAILABILITY = YES_AGGRESSIVE;
				CLANG_WARN_UNREACHABLE_CODE = YES;
				CLANG_WARN__DUPLICATE_METHOD_MATCH = YES;
				CODE_SIGN_IDENTITY = "iPhone Developer";
				COPY_PHASE_STRIP = NO;
				DEBUG_INFORMATION_FORMAT = dwarf;
				ENABLE_STRICT_OBJC_MSGSEND = YES;
				ENABLE_TESTABILITY = YES;
				GCC_C_LANGUAGE_STANDARD = gnu11;
				GCC_DYNAMIC_NO_PIC = NO;
				GCC_NO_COMMON_BLOCKS = YES;
				GCC_OPTIMIZATION_LEVEL = 0;
				GCC_PREPROCESSOR_DEFINITIONS = (
					"DEBUG=1",
					"$(inherited)",
				);
				GCC_WARN_64_TO_32_BIT_CONVERSION = YES;
				GCC_WARN_ABOUT_RETURN_TYPE = YES_ERROR;
				GCC_WARN_UNDECLARED_SELECTOR = YES;
				GCC_WARN_UNINITIALIZED_AUTOS = YES_AGGRESSIVE;
				GCC_WARN_UNUSED_FUNCTION = YES;
				GCC_WARN_UNUSED_VARIABLE = YES;
				IPHONEOS_DEPLOYMENT_TARGET = 11.2;
				MTL_ENABLE_DEBUG_INFO = YES;
				ONLY_ACTIVE_ARCH = YES;
				SDKROOT = iphoneos;
				SWIFT_ACTIVE_COMPILATION_CONDITIONS = DEBUG;
				SWIFT_OPTIMIZATION_LEVEL = "-Onone";
			};
			name = Debug;
		};
		CE427F352004434000752103 /* Release */ = {
			isa = XCBuildConfiguration;
			buildSettings = {
				ALWAYS_SEARCH_USER_PATHS = NO;
				CLANG_ANALYZER_NONNULL = YES;
				CLANG_ANALYZER_NUMBER_OBJECT_CONVERSION = YES_AGGRESSIVE;
				CLANG_CXX_LANGUAGE_STANDARD = "gnu++14";
				CLANG_CXX_LIBRARY = "libc++";
				CLANG_ENABLE_MODULES = YES;
				CLANG_ENABLE_OBJC_ARC = YES;
				CLANG_WARN_BLOCK_CAPTURE_AUTORELEASING = YES;
				CLANG_WARN_BOOL_CONVERSION = YES;
				CLANG_WARN_COMMA = YES;
				CLANG_WARN_CONSTANT_CONVERSION = YES;
				CLANG_WARN_DIRECT_OBJC_ISA_USAGE = YES_ERROR;
				CLANG_WARN_DOCUMENTATION_COMMENTS = YES;
				CLANG_WARN_EMPTY_BODY = YES;
				CLANG_WARN_ENUM_CONVERSION = YES;
				CLANG_WARN_INFINITE_RECURSION = YES;
				CLANG_WARN_INT_CONVERSION = YES;
				CLANG_WARN_NON_LITERAL_NULL_CONVERSION = YES;
				CLANG_WARN_OBJC_LITERAL_CONVERSION = YES;
				CLANG_WARN_OBJC_ROOT_CLASS = YES_ERROR;
				CLANG_WARN_RANGE_LOOP_ANALYSIS = YES;
				CLANG_WARN_STRICT_PROTOTYPES = YES;
				CLANG_WARN_SUSPICIOUS_MOVE = YES;
				CLANG_WARN_UNGUARDED_AVAILABILITY = YES_AGGRESSIVE;
				CLANG_WARN_UNREACHABLE_CODE = YES;
				CLANG_WARN__DUPLICATE_METHOD_MATCH = YES;
				CODE_SIGN_IDENTITY = "iPhone Developer";
				COPY_PHASE_STRIP = NO;
				DEBUG_INFORMATION_FORMAT = "dwarf-with-dsym";
				ENABLE_NS_ASSERTIONS = NO;
				ENABLE_STRICT_OBJC_MSGSEND = YES;
				GCC_C_LANGUAGE_STANDARD = gnu11;
				GCC_NO_COMMON_BLOCKS = YES;
				GCC_WARN_64_TO_32_BIT_CONVERSION = YES;
				GCC_WARN_ABOUT_RETURN_TYPE = YES_ERROR;
				GCC_WARN_UNDECLARED_SELECTOR = YES;
				GCC_WARN_UNINITIALIZED_AUTOS = YES_AGGRESSIVE;
				GCC_WARN_UNUSED_FUNCTION = YES;
				GCC_WARN_UNUSED_VARIABLE = YES;
				IPHONEOS_DEPLOYMENT_TARGET = 11.2;
				MTL_ENABLE_DEBUG_INFO = NO;
				SDKROOT = iphoneos;
				SWIFT_OPTIMIZATION_LEVEL = "-Owholemodule";
				VALIDATE_PRODUCT = YES;
			};
			name = Release;
		};
		CE427F372004434000752103 /* Debug */ = {
			isa = XCBuildConfiguration;
			buildSettings = {
				ASSETCATALOG_COMPILER_APPICON_NAME = AppIcon;
				CODE_SIGN_STYLE = Automatic;
				INFOPLIST_FILE = ColdCall/Info.plist;
				LD_RUNPATH_SEARCH_PATHS = "$(inherited) @executable_path/Frameworks";
				PRODUCT_BUNDLE_IDENTIFIER = com.user.ColdCall;
				PRODUCT_NAME = "$(TARGET_NAME)";
				SWIFT_VERSION = 4.0;
				TARGETED_DEVICE_FAMILY = "1,2";
			};
			name = Debug;
		};
		CE427F382004434000752103 /* Release */ = {
			isa = XCBuildConfiguration;
			buildSettings = {
				ASSETCATALOG_COMPILER_APPICON_NAME = AppIcon;
				CODE_SIGN_STYLE = Automatic;
				INFOPLIST_FILE = ColdCall/Info.plist;
				LD_RUNPATH_SEARCH_PATHS = "$(inherited) @executable_path/Frameworks";
				PRODUCT_BUNDLE_IDENTIFIER = com.user.ColdCall;
				PRODUCT_NAME = "$(TARGET_NAME)";
				SWIFT_VERSION = 4.0;
				TARGETED_DEVICE_FAMILY = "1,2";
			};
			name = Release;
		};
		CE427F3A2004434000752103 /* Debug */ = {
			isa = XCBuildConfiguration;
			buildSettings = {
				ALWAYS_EMBED_SWIFT_STANDARD_LIBRARIES = YES;
				BUNDLE_LOADER = "$(TEST_HOST)";
				CODE_SIGN_STYLE = Automatic;
				INFOPLIST_FILE = ColdCallTests/Info.plist;
				LD_RUNPATH_SEARCH_PATHS = "$(inherited) @executable_path/Frameworks @loader_path/Frameworks";
				PRODUCT_BUNDLE_IDENTIFIER = com.user.ColdCallTests;
				PRODUCT_NAME = "$(TARGET_NAME)";
				SWIFT_VERSION = 4.0;
				TARGETED_DEVICE_FAMILY = "1,2";
				TEST_HOST = "$(BUILT_PRODUCTS_DIR)/ColdCall.app/ColdCall";
			};
			name = Debug;
		};
		CE427F3B2004434000752103 /* Release */ = {
			isa = XCBuildConfiguration;
			buildSettings = {
				ALWAYS_EMBED_SWIFT_STANDARD_LIBRARIES = YES;
				BUNDLE_LOADER = "$(TEST_HOST)";
				CODE_SIGN_STYLE = Automatic;
				INFOPLIST_FILE = ColdCallTests/Info.plist;
				LD_RUNPATH_SEARCH_PATHS = "$(inherited) @executable_path/Frameworks @loader_path/Frameworks";
				PRODUCT_BUNDLE_IDENTIFIER = com.user.ColdCallTests;
				PRODUCT_NAME = "$(TARGET_NAME)";
				SWIFT_VERSION = 4.0;
				TARGETED_DEVICE_FAMILY = "1,2";
				TEST_HOST = "$(BUILT_PRODUCTS_DIR)/ColdCall.app/ColdCall";
			};
			name = Release;
		};
		CE427F3D2004434000752103 /* Debug */ = {
			isa = XCBuildConfiguration;
			buildSettings = {
				ALWAYS_EMBED_SWIFT_STANDARD_LIBRARIES = YES;
				CODE_SIGN_STYLE = Automatic;
				INFOPLIST_FILE = ColdCallUITests/Info.plist;
				LD_RUNPATH_SEARCH_PATHS = "$(inherited) @executable_path/Frameworks @loader_path/Frameworks";
				PRODUCT_BUNDLE_IDENTIFIER = com.user.ColdCallUITests;
				PRODUCT_NAME = "$(TARGET_NAME)";
				SWIFT_VERSION = 4.0;
				TARGETED_DEVICE_FAMILY = "1,2";
				TEST_TARGET_NAME = ColdCall;
			};
			name = Debug;
		};
		CE427F3E2004434000752103 /* Release */ = {
			isa = XCBuildConfiguration;
			buildSettings = {
				ALWAYS_EMBED_SWIFT_STANDARD_LIBRARIES = YES;
				CODE_SIGN_STYLE = Automatic;
				INFOPLIST_FILE = ColdCallUITests/Info.plist;
				LD_RUNPATH_SEARCH_PATHS = "$(inherited) @executable_path/Frameworks @loader_path/Frameworks";
				PRODUCT_BUNDLE_IDENTIFIER = com.user.ColdCallUITests;
				PRODUCT_NAME = "$(TARGET_NAME)";
				SWIFT_VERSION = 4.0;
				TARGETED_DEVICE_FAMILY = "1,2";
				TEST_TARGET_NAME = ColdCall;
			};
			name = Release;
		};
/* End XCBuildConfiguration section */

/* Begin XCConfigurationList section */
		CE427F092004433F00752103 /* Build configuration list for PBXProject "ColdCall" */ = {
			isa = XCConfigurationList;
			buildConfigurations = (
				CE427F342004434000752103 /* Debug */,
				CE427F352004434000752103 /* Release */,
			);
			defaultConfigurationIsVisible = 0;
			defaultConfigurationName = Release;
		};
		CE427F362004434000752103 /* Build configuration list for PBXNativeTarget "ColdCall" */ = {
			isa = XCConfigurationList;
			buildConfigurations = (
				CE427F372004434000752103 /* Debug */,
				CE427F382004434000752103 /* Release */,
			);
			defaultConfigurationIsVisible = 0;
			defaultConfigurationName = Release;
		};
		CE427F392004434000752103 /* Build configuration list for PBXNativeTarget "ColdCallTests" */ = {
			isa = XCConfigurationList;
			buildConfigurations = (
				CE427F3A2004434000752103 /* Debug */,
				CE427F3B2004434000752103 /* Release */,
			);
			defaultConfigurationIsVisible = 0;
			defaultConfigurationName = Release;
		};
		CE427F3C2004434000752103 /* Build configuration list for PBXNativeTarget "ColdCallUITests" */ = {
			isa = XCConfigurationList;
			buildConfigurations = (
				CE427F3D2004434000752103 /* Debug */,
				CE427F3E2004434000752103 /* Release */,
			);
			defaultConfigurationIsVisible = 0;
			defaultConfigurationName = Release;
		};
/* End XCConfigurationList section */
	};
	rootObject = CE427F062004433F00752103 /* Project object */;
}
